
Microsoft Visual Studio Solution File, Format Version 12.00
# Visual Studio Version 16
VisualStudioVersion = 16.0.29418.71
MinimumVisualStudioVersion = 10.0.40219.1
Project("{FAE04EC0-301F-11D3-BF4B-00C04F79EFBC}") = "rentalbackend", "rentalbackend\rentalbackend.csproj", "{32AF9A0B-F208-4553-BBD3-DA8DB2A9B834}"
EndProject
Global
	GlobalSection(SolutionConfigurationPlatforms) = preSolution
		Debug|Any CPU = Debug|Any CPU
		Release|Any CPU = Release|Any CPU
	EndGlobalSection
	GlobalSection(ProjectConfigurationPlatforms) = postSolution
		{32AF9A0B-F208-4553-BBD3-DA8DB2A9B834}.Debug|Any CPU.ActiveCfg = Debug|Any CPU
		{32AF9A0B-F208-4553-BBD3-DA8DB2A9B834}.Debug|Any CPU.Build.0 = Debug|Any CPU
		{32AF9A0B-F208-4553-BBD3-DA8DB2A9B834}.Release|Any CPU.ActiveCfg = Release|Any CPU
		{32AF9A0B-F208-4553-BBD3-DA8DB2A9B834}.Release|Any CPU.Build.0 = Release|Any CPU
	EndGlobalSection
	GlobalSection(SolutionProperties) = preSolution
		HideSolutionNode = FALSE
	EndGlobalSection
	GlobalSection(ExtensibilityGlobals) = postSolution
		SolutionGuid = {FDC0384D-10BF-4FCC-AFB8-B23C591B687C}
	EndGlobalSection
EndGlobal
